
Microsoft Visual Studio Solution File, Format Version 12.00
# Visual Studio Version 16
VisualStudioVersion = 16.0.29920.165
MinimumVisualStudioVersion = 10.0.40219.1
Project("{FAE04EC0-301F-11D3-BF4B-00C04F79EFBC}") = "tut11", "tut11.csproj", "{C5375BAB-9640-41A4-98C8-25EF3C7F088B}"
EndProject
Global
	GlobalSection(SolutionConfigurationPlatforms) = preSolution
		Debug|Any CPU = Debug|Any CPU
		Release|Any CPU = Release|Any CPU
	EndGlobalSection
	GlobalSection(ProjectConfigurationPlatforms) = postSolution
		{C5375BAB-9640-41A4-98C8-25EF3C7F088B}.Debug|Any CPU.ActiveCfg = Debug|Any CPU
		{C5375BAB-9640-41A4-98C8-25EF3C7F088B}.Debug|Any CPU.Build.0 = Debug|Any CPU
		{C5375BAB-9640-41A4-98C8-25EF3C7F088B}.Release|Any CPU.ActiveCfg = Release|Any CPU
		{C5375BAB-9640-41A4-98C8-25EF3C7F088B}.Release|Any CPU.Build.0 = Release|Any CPU
	EndGlobalSection
	GlobalSection(SolutionProperties) = preSolution
		HideSolutionNode = FALSE
	EndGlobalSection
	GlobalSection(ExtensibilityGlobals) = postSolution
		SolutionGuid = {F2F25CB1-78D4-42D6-8A6F-A154BAA17267}
	EndGlobalSection
EndGlobal
